{
  "name": "v1",
  "lockfileVersion": 2,
  "requires": true,
  "packages": {
    "": {
      "dependencies": {
        "argv.js": "^0.0.1",
        "bignumber.js": "^9.0.1"
      }
    },
    "node_modules/argv.js": {
      "version": "0.0.1",
      "resolved": "https://registry.npmjs.org/argv.js/-/argv.js-0.0.1.tgz",
      "integrity": "sha512-UAXbeSvOW83PUowSzkrKZSqhNRY5B6f253Sqz3T/yuPWurHv3hgLgu/zX8EjPbwaX0XzDN3SgPHGsPs8GWTDMQ=="
    },
    "node_modules/bignumber.js": {
      "version": "9.0.1",
      "resolved": "https://registry.npmjs.org/bignumber.js/-/bignumber.js-9.0.1.tgz",
      "integrity": "sha512-IdZR9mh6ahOBv/hYGiXyVuyCetmGJhtYkqLBpTStdhEGjegpPlUawydyaF3pbIOFynJTpllEs+NP+CS9jKFLjA==",
      "engines": {
        "node": "*"
      }
    }
  },
  "dependencies": {
    "argv.js": {
      "version": "0.0.1",
      "resolved": "https://registry.npmjs.org/argv.js/-/argv.js-0.0.1.tgz",
      "integrity": "sha512-UAXbeSvOW83PUowSzkrKZSqhNRY5B6f253Sqz3T/yuPWurHv3hgLgu/zX8EjPbwaX0XzDN3SgPHGsPs8GWTDMQ=="
    },
    "bignumber.js": {
      "version": "9.0.1",
      "resolved": "https://registry.npmjs.org/bignumber.js/-/bignumber.js-9.0.1.tgz",
      "integrity": "sha512-IdZR9mh6ahOBv/hYGiXyVuyCetmGJhtYkqLBpTStdhEGjegpPlUawydyaF3pbIOFynJTpllEs+NP+CS9jKFLjA=="
    }
  }
}
